
Microsoft Visual Studio Solution File, Format Version 12.00
# Visual Studio Version 17
VisualStudioVersion = 17.2.32630.192
MinimumVisualStudioVersion = 10.0.40219.1
Project("{FAE04EC0-301F-11D3-BF4B-00C04F79EFBC}") = "30857465_project2", "30857465_project2.csproj", "{5D6625BA-5C2B-4236-9711-3E8B3D664B5E}"
EndProject
Global
	GlobalSection(SolutionConfigurationPlatforms) = preSolution
		Debug|Any CPU = Debug|Any CPU
		Release|Any CPU = Release|Any CPU
	EndGlobalSection
	GlobalSection(ProjectConfigurationPlatforms) = postSolution
		{5D6625BA-5C2B-4236-9711-3E8B3D664B5E}.Debug|Any CPU.ActiveCfg = Debug|Any CPU
		{5D6625BA-5C2B-4236-9711-3E8B3D664B5E}.Debug|Any CPU.Build.0 = Debug|Any CPU
		{5D6625BA-5C2B-4236-9711-3E8B3D664B5E}.Release|Any CPU.ActiveCfg = Release|Any CPU
		{5D6625BA-5C2B-4236-9711-3E8B3D664B5E}.Release|Any CPU.Build.0 = Release|Any CPU
	EndGlobalSection
	GlobalSection(SolutionProperties) = preSolution
		HideSolutionNode = FALSE
	EndGlobalSection
	GlobalSection(ExtensibilityGlobals) = postSolution
		SolutionGuid = {15563C2A-FC00-4B0B-AC0E-03D26C97EF91}
	EndGlobalSection
EndGlobal
